{
  "name": "planetread-caption-studio",
  "version": "1.0.0",
  "lockfileVersion": 3,
  "requires": true,
  "packages": {
    "": {
      "name": "planetread-caption-studio",
      "version": "1.0.0",
      "engines": {
        "node": ">=20"
      }
    },
    "node_modules/.pnpm": {},
    "node_modules/.pnpm/@esbuild+darwin-arm64@0.28.1/node_modules/@esbuild/darwin-arm64": {
      "version": "0.28.1",
      "cpu": [
        "arm64"
      ],
      "extraneous": true,
      "license": "MIT",
      "os": [
        "darwin"
      ],
      "engines": {
        "node": ">=18"
      }
    },
    "node_modules/.pnpm/@rollup+rollup-darwin-arm64@4.62.4/node_modules/@rollup/rollup-darwin-arm64": {
      "version": "4.62.4",
      "cpu": [
        "arm64"
      ],
      "extraneous": true,
      "license": "MIT",
      "os": [
        "darwin"
      ]
    },
    "node_modules/.pnpm/@types+estree@1.0.9/node_modules/@types/estree": {
      "version": "1.0.9",
      "extraneous": true,
      "license": "MIT"
    },
    "node_modules/.pnpm/esbuild@0.28.1": {},
    "node_modules/.pnpm/fdir@6.5.0_picomatch@4.0.5": {},
    "node_modules/.pnpm/fsevents@2.3.3/node_modules/fsevents": {
      "version": "2.3.3",
      "extraneous": true,
      "license": "MIT",
      "os": [
        "darwin"
      ],
      "devDependencies": {
        "node-gyp": "^9.4.0"
      },
      "engines": {
        "node": "^8.16.0 || ^10.6.0 || >=11.0.0"
      }
    },
    "node_modules/.pnpm/nanoid@3.3.16/node_modules/nanoid": {
      "version": "3.3.16",
      "extraneous": true,
      "funding": [
        {
          "type": "github",
          "url": "https://github.com/sponsors/ai"
        }
      ],
      "license": "MIT",
      "bin": {
        "nanoid": "bin/nanoid.cjs"
      },
      "engines": {
        "node": "^10 || ^12 || ^13.7 || ^14 || >=15.0.1"
      }
    },
    "node_modules/.pnpm/picocolors@1.1.1/node_modules/picocolors": {
      "version": "1.1.1",
      "extraneous": true,
      "license": "ISC"
    },
    "node_modules/.pnpm/picomatch@4.0.5/node_modules/picomatch": {
      "version": "4.0.5",
      "extraneous": true,
      "license": "MIT",
      "devDependencies": {
        "eslint": "^8.57.0",
        "fill-range": "^7.0.1",
        "gulp-format-md": "^2.0.0",
        "mocha": "^10.4.0",
        "nyc": "^15.1.0"
      },
      "engines": {
        "node": ">=12"
      },
      "funding": {
        "url": "https://github.com/sponsors/jonschlinkert"
      }
    },
    "node_modules/.pnpm/postcss@8.5.25": {},
    "node_modules/.pnpm/rollup@4.62.4": {},
    "node_modules/.pnpm/source-map-js@1.2.1/node_modules/source-map-js": {
      "version": "1.2.1",
      "extraneous": true,
      "license": "BSD-3-Clause",
      "devDependencies": {
        "clean-publish": "^3.1.0",
        "doctoc": "^0.15.0",
        "webpack": "^1.12.0"
      },
      "engines": {
        "node": ">=0.10.0"
      }
    },
    "node_modules/.pnpm/tinyglobby@0.2.17": {},
    "node_modules/.pnpm/vite@7.3.6": {}
  }
}
